
Microsoft Visual Studio Solution File, Format Version 12.00
# Visual Studio Version 17
VisualStudioVersion = 17.14.37203.1 d17.14
MinimumVisualStudioVersion = 10.0.40219.1
Project("{FAE04EC0-301F-11D3-BF4B-00C04F79EFBC}") = "Interface", "Interface.csproj", "{6BB5BE4A-D4C0-446C-9A47-8267F40D2717}"
EndProject
Global
	GlobalSection(SolutionConfigurationPlatforms) = preSolution
		Debug|Any CPU = Debug|Any CPU
		Release|Any CPU = Release|Any CPU
	EndGlobalSection
	GlobalSection(ProjectConfigurationPlatforms) = postSolution
		{6BB5BE4A-D4C0-446C-9A47-8267F40D2717}.Debug|Any CPU.ActiveCfg = Debug|Any CPU
		{6BB5BE4A-D4C0-446C-9A47-8267F40D2717}.Debug|Any CPU.Build.0 = Debug|Any CPU
		{6BB5BE4A-D4C0-446C-9A47-8267F40D2717}.Release|Any CPU.ActiveCfg = Release|Any CPU
		{6BB5BE4A-D4C0-446C-9A47-8267F40D2717}.Release|Any CPU.Build.0 = Release|Any CPU
	EndGlobalSection
	GlobalSection(SolutionProperties) = preSolution
		HideSolutionNode = FALSE
	EndGlobalSection
	GlobalSection(ExtensibilityGlobals) = postSolution
		SolutionGuid = {B2C466C2-0B07-4137-85A7-DFC2FA53526C}
	EndGlobalSection
EndGlobal
